// !$*UTF8*$!
{
	archiveVersion = 1;
	classes = {
	};
	objectVersion = 55;
	objects = {

/* Begin PBXBuildFile section */
		4EED5AE92AA581B5006370E6 /* AppDelegate.swift in Sources */ = {isa = PBXBuildFile; fileRef = 4EED5AE82AA581B5006370E6 /* AppDelegate.swift */; };
		4EED5AEB2AA581B5006370E6 /* SceneDelegate.swift in Sources */ = {isa = PBXBuildFile; fileRef = 4EED5AEA2AA581B5006370E6 /* SceneDelegate.swift */; };
		4EED5AF02AA581B5006370E6 /* Main.storyboard in Resources */ = {isa = PBXBuildFile; fileRef = 4EED5AEE2AA581B5006370E6 /* Main.storyboard */; };
		4EED5AF22AA581B8006370E6 /* Assets.xcassets in Resources */ = {isa = PBXBuildFile; fileRef = 4EED5AF12AA581B8006370E6 /* Assets.xcassets */; };
		4EED5AF52AA581B8006370E6 /* LaunchScreen.storyboard in Resources */ = {isa = PBXBuildFile; fileRef = 4EED5AF32AA581B8006370E6 /* LaunchScreen.storyboard */; };
		4EED5B002AA58207006370E6 /* AuthService.swift in Sources */ = {isa = PBXBuildFile; fileRef = 4EED5AFF2AA58207006370E6 /* AuthService.swift */; };
		4EED5B022AA58212006370E6 /* MediaService.swift in Sources */ = {isa = PBXBuildFile; fileRef = 4EED5B012AA58212006370E6 /* MediaService.swift */; };
		4EED5B052AA5825F006370E6 /* LoginController.swift in Sources */ = {isa = PBXBuildFile; fileRef = 4EED5B042AA5825F006370E6 /* LoginController.swift */; };
		4EED5B072AA5827D006370E6 /* ThumbnailController.swift in Sources */ = {isa = PBXBuildFile; fileRef = 4EED5B062AA5827D006370E6 /* ThumbnailController.swift */; };
		4EED5B092AA58291006370E6 /* DetailController.swift in Sources */ = {isa = PBXBuildFile; fileRef = 4EED5B082AA58291006370E6 /* DetailController.swift */; };
		4EED5B0B2AA582A3006370E6 /* ProfileController.swift in Sources */ = {isa = PBXBuildFile; fileRef = 4EED5B0A2AA582A3006370E6 /* ProfileController.swift */; };
		4EED5B142AA583A2006370E6 /* Detail.storyboard in Resources */ = {isa = PBXBuildFile; fileRef = 4EED5B122AA583A2006370E6 /* Detail.storyboard */; };
		4EED5B172AA583B8006370E6 /* Login.storyboard in Resources */ = {isa = PBXBuildFile; fileRef = 4EED5B152AA583B8006370E6 /* Login.storyboard */; };
		4EED5B1A2AA583E7006370E6 /* SignUp.storyboard in Resources */ = {isa = PBXBuildFile; fileRef = 4EED5B182AA583E7006370E6 /* SignUp.storyboard */; };
		4EED5B1C2AA58405006370E6 /* SignUpController.swift in Sources */ = {isa = PBXBuildFile; fileRef = 4EED5B1B2AA58405006370E6 /* SignUpController.swift */; };
		4EED5B1E2AA5845B006370E6 /* CommentService.swift in Sources */ = {isa = PBXBuildFile; fileRef = 4EED5B1D2AA5845B006370E6 /* CommentService.swift */; };
		4EED5B202AA586B9006370E6 /* TabBarViewController.swift in Sources */ = {isa = PBXBuildFile; fileRef = 4EED5B1F2AA586B9006370E6 /* TabBarViewController.swift */; };
		4EED5B2B2AA5BD53006370E6 /* Thumbnail.storyboard in Resources */ = {isa = PBXBuildFile; fileRef = 4EED5B292AA5BD53006370E6 /* Thumbnail.storyboard */; };
		4EED5B2E2AA5BD67006370E6 /* Profile.storyboard in Resources */ = {isa = PBXBuildFile; fileRef = 4EED5B2C2AA5BD67006370E6 /* Profile.storyboard */; };
		E70287982AA6B28200BC2E5B /* ProfileEditViewController.swift in Sources */ = {isa = PBXBuildFile; fileRef = E70287972AA6B28200BC2E5B /* ProfileEditViewController.swift */; };
/* End PBXBuildFile section */

/* Begin PBXFileReference section */
		4EED5AE52AA581B5006370E6 /* YOU_TUBE.app */ = {isa = PBXFileReference; explicitFileType = wrapper.application; includeInIndex = 0; path = YOU_TUBE.app; sourceTree = BUILT_PRODUCTS_DIR; };
		4EED5AE82AA581B5006370E6 /* AppDelegate.swift */ = {isa = PBXFileReference; lastKnownFileType = sourcecode.swift; path = AppDelegate.swift; sourceTree = "<group>"; };
		4EED5AEA2AA581B5006370E6 /* SceneDelegate.swift */ = {isa = PBXFileReference; lastKnownFileType = sourcecode.swift; path = SceneDelegate.swift; sourceTree = "<group>"; };
		4EED5AEF2AA581B5006370E6 /* Base */ = {isa = PBXFileReference; lastKnownFileType = file.storyboard; name = Base; path = Base.lproj/Main.storyboard; sourceTree = "<group>"; };
		4EED5AF12AA581B8006370E6 /* Assets.xcassets */ = {isa = PBXFileReference; lastKnownFileType = folder.assetcatalog; path = Assets.xcassets; sourceTree = "<group>"; };
		4EED5AF42AA581B8006370E6 /* Base */ = {isa = PBXFileReference; lastKnownFileType = file.storyboard; name = Base; path = Base.lproj/LaunchScreen.storyboard; sourceTree = "<group>"; };
		4EED5AF62AA581B8006370E6 /* Info.plist */ = {isa = PBXFileReference; lastKnownFileType = text.plist.xml; path = Info.plist; sourceTree = "<group>"; };
		4EED5AFF2AA58207006370E6 /* AuthService.swift */ = {isa = PBXFileReference; lastKnownFileType = sourcecode.swift; path = AuthService.swift; sourceTree = "<group>"; };
		4EED5B012AA58212006370E6 /* MediaService.swift */ = {isa = PBXFileReference; lastKnownFileType = sourcecode.swift; path = MediaService.swift; sourceTree = "<group>"; };
		4EED5B042AA5825F006370E6 /* LoginController.swift */ = {isa = PBXFileReference; lastKnownFileType = sourcecode.swift; path = LoginController.swift; sourceTree = "<group>"; };
		4EED5B062AA5827D006370E6 /* ThumbnailController.swift */ = {isa = PBXFileReference; lastKnownFileType = sourcecode.swift; path = ThumbnailController.swift; sourceTree = "<group>"; };
		4EED5B082AA58291006370E6 /* DetailController.swift */ = {isa = PBXFileReference; lastKnownFileType = sourcecode.swift; path = DetailController.swift; sourceTree = "<group>"; };
		4EED5B0A2AA582A3006370E6 /* ProfileController.swift */ = {isa = PBXFileReference; lastKnownFileType = sourcecode.swift; path = ProfileController.swift; sourceTree = "<group>"; };
		4EED5B132AA583A2006370E6 /* Base */ = {isa = PBXFileReference; lastKnownFileType = file.storyboard; name = Base; path = YOU_TUBE/Views/Base.lproj/Detail.storyboard; sourceTree = "<group>"; };
		4EED5B162AA583B8006370E6 /* Base */ = {isa = PBXFileReference; lastKnownFileType = file.storyboard; name = Base; path = YOU_TUBE/Views/Base.lproj/Login.storyboard; sourceTree = "<group>"; };
		4EED5B192AA583E7006370E6 /* Base */ = {isa = PBXFileReference; lastKnownFileType = file.storyboard; name = Base; path = YOU_TUBE/Views/Base.lproj/SignUp.storyboard; sourceTree = "<group>"; };
		4EED5B1B2AA58405006370E6 /* SignUpController.swift */ = {isa = PBXFileReference; lastKnownFileType = sourcecode.swift; path = SignUpController.swift; sourceTree = "<group>"; };
		4EED5B1D2AA5845B006370E6 /* CommentService.swift */ = {isa = PBXFileReference; lastKnownFileType = sourcecode.swift; path = CommentService.swift; sourceTree = "<group>"; };
		4EED5B1F2AA586B9006370E6 /* TabBarViewController.swift */ = {isa = PBXFileReference; lastKnownFileType = sourcecode.swift; path = TabBarViewController.swift; sourceTree = "<group>"; };
		4EED5B2A2AA5BD53006370E6 /* Base */ = {isa = PBXFileReference; lastKnownFileType = file.storyboard; name = Base; path = YOU_TUBE/Views/Base.lproj/Thumbnail.storyboard; sourceTree = "<group>"; };
		4EED5B2D2AA5BD67006370E6 /* Base */ = {isa = PBXFileReference; lastKnownFileType = file.storyboard; name = Base; path = YOU_TUBE/Views/Base.lproj/Profile.storyboard; sourceTree = "<group>"; };
		E70287972AA6B28200BC2E5B /* ProfileEditViewController.swift */ = {isa = PBXFileReference; lastKnownFileType = sourcecode.swift; path = ProfileEditViewController.swift; sourceTree = "<group>"; };
/* End PBXFileReference section */

/* Begin PBXFrameworksBuildPhase section */
		4EED5AE22AA581B5006370E6 /* Frameworks */ = {
			isa = PBXFrameworksBuildPhase;
			buildActionMask = 2147483647;
			files = (
			);
			runOnlyForDeploymentPostprocessing = 0;
		};
/* End PBXFrameworksBuildPhase section */

/* Begin PBXGroup section */
		4EED5ADC2AA581B5006370E6 = {
			isa = PBXGroup;
			children = (
				4EED5AE72AA581B5006370E6 /* YOU_TUBE */,
				4EED5AE62AA581B5006370E6 /* Products */,
			);
			sourceTree = "<group>";
		};
		4EED5AE62AA581B5006370E6 /* Products */ = {
			isa = PBXGroup;
			children = (
				4EED5AE52AA581B5006370E6 /* YOU_TUBE.app */,
			);
			name = Products;
			sourceTree = "<group>";
		};
		4EED5AE72AA581B5006370E6 /* YOU_TUBE */ = {
			isa = PBXGroup;
			children = (
				4EED5B032AA58236006370E6 /* Resources */,
				4EED5AFC2AA581BE006370E6 /* Models */,
				4EED5AFD2AA581CA006370E6 /* Views */,
				4EED5AFE2AA581D6006370E6 /* Controllers */,
				4EED5AF62AA581B8006370E6 /* Info.plist */,
			);
			path = YOU_TUBE;
			sourceTree = "<group>";
		};
		4EED5AFC2AA581BE006370E6 /* Models */ = {
			isa = PBXGroup;
			children = (
				4EED5AFF2AA58207006370E6 /* AuthService.swift */,
				4EED5B012AA58212006370E6 /* MediaService.swift */,
				4EED5B1D2AA5845B006370E6 /* CommentService.swift */,
			);
			path = Models;
			sourceTree = "<group>";
		};
		4EED5AFD2AA581CA006370E6 /* Views */ = {
			isa = PBXGroup;
			children = (
				4EED5AEE2AA581B5006370E6 /* Main.storyboard */,
				4EED5B152AA583B8006370E6 /* Login.storyboard */,
				4EED5B182AA583E7006370E6 /* SignUp.storyboard */,
				4EED5B292AA5BD53006370E6 /* Thumbnail.storyboard */,
				4EED5B122AA583A2006370E6 /* Detail.storyboard */,
				4EED5B2C2AA5BD67006370E6 /* Profile.storyboard */,
				4EED5AF32AA581B8006370E6 /* LaunchScreen.storyboard */,
			);
			path = Views;
			sourceTree = "<group>";
		};
		4EED5AFE2AA581D6006370E6 /* Controllers */ = {
			isa = PBXGroup;
			children = (
				4EED5B1F2AA586B9006370E6 /* TabBarViewController.swift */,
				4EED5B042AA5825F006370E6 /* LoginController.swift */,
				4EED5B1B2AA58405006370E6 /* SignUpController.swift */,
				4EED5B062AA5827D006370E6 /* ThumbnailController.swift */,
				4EED5B082AA58291006370E6 /* DetailController.swift */,
				4EED5B0A2AA582A3006370E6 /* ProfileController.swift */,
				E70287972AA6B28200BC2E5B /* ProfileEditViewController.swift */,
			);
			path = Controllers;
			sourceTree = "<group>";
		};
		4EED5B032AA58236006370E6 /* Resources */ = {
			isa = PBXGroup;
			children = (
				4EED5AE82AA581B5006370E6 /* AppDelegate.swift */,
				4EED5AEA2AA581B5006370E6 /* SceneDelegate.swift */,
				4EED5AF12AA581B8006370E6 /* Assets.xcassets */,
			);
			path = Resources;
			sourceTree = "<group>";
		};
/* End PBXGroup section */

/* Begin PBXNativeTarget section */
		4EED5AE42AA581B5006370E6 /* YOU_TUBE */ = {
			isa = PBXNativeTarget;
			buildConfigurationList = 4EED5AF92AA581B8006370E6 /* Build configuration list for PBXNativeTarget "YOU_TUBE" */;
			buildPhases = (
				4EED5AE12AA581B5006370E6 /* Sources */,
				4EED5AE22AA581B5006370E6 /* Frameworks */,
				4EED5AE32AA581B5006370E6 /* Resources */,
			);
			buildRules = (
			);
			dependencies = (
			);
			name = YOU_TUBE;
			productName = YOU_TUBE;
			productReference = 4EED5AE52AA581B5006370E6 /* YOU_TUBE.app */;
			productType = "com.apple.product-type.application";
		};
/* End PBXNativeTarget section */

/* Begin PBXProject section */
		4EED5ADD2AA581B5006370E6 /* Project object */ = {
			isa = PBXProject;
			attributes = {
				BuildIndependentTargetsInParallel = 1;
				LastSwiftUpdateCheck = 1430;
				LastUpgradeCheck = 1430;
				TargetAttributes = {
					4EED5AE42AA581B5006370E6 = {
						CreatedOnToolsVersion = 14.3.1;
					};
				};
			};
			buildConfigurationList = 4EED5AE02AA581B5006370E6 /* Build configuration list for PBXProject "YOU_TUBE" */;
			compatibilityVersion = "Xcode 13.0";
			developmentRegion = en;
			hasScannedForEncodings = 0;
			knownRegions = (
				en,
				Base,
			);
			mainGroup = 4EED5ADC2AA581B5006370E6;
			productRefGroup = 4EED5AE62AA581B5006370E6 /* Products */;
			projectDirPath = "";
			projectRoot = "";
			targets = (
				4EED5AE42AA581B5006370E6 /* YOU_TUBE */,
			);
		};
/* End PBXProject section */

/* Begin PBXResourcesBuildPhase section */
		4EED5AE32AA581B5006370E6 /* Resources */ = {
			isa = PBXResourcesBuildPhase;
			buildActionMask = 2147483647;
			files = (
				4EED5AF52AA581B8006370E6 /* LaunchScreen.storyboard in Resources */,
				4EED5AF22AA581B8006370E6 /* Assets.xcassets in Resources */,
				4EED5B2E2AA5BD67006370E6 /* Profile.storyboard in Resources */,
				4EED5B172AA583B8006370E6 /* Login.storyboard in Resources */,
				4EED5AF02AA581B5006370E6 /* Main.storyboard in Resources */,
				4EED5B1A2AA583E7006370E6 /* SignUp.storyboard in Resources */,
				4EED5B2B2AA5BD53006370E6 /* Thumbnail.storyboard in Resources */,
				4EED5B142AA583A2006370E6 /* Detail.storyboard in Resources */,
			);
			runOnlyForDeploymentPostprocessing = 0;
		};
/* End PBXResourcesBuildPhase section */

/* Begin PBXSourcesBuildPhase section */
		4EED5AE12AA581B5006370E6 /* Sources */ = {
			isa = PBXSourcesBuildPhase;
			buildActionMask = 2147483647;
			files = (
				4EED5B092AA58291006370E6 /* DetailController.swift in Sources */,
				4EED5B052AA5825F006370E6 /* LoginController.swift in Sources */,
				4EED5B202AA586B9006370E6 /* TabBarViewController.swift in Sources */,
				4EED5B1C2AA58405006370E6 /* SignUpController.swift in Sources */,
				E70287982AA6B28200BC2E5B /* ProfileEditViewController.swift in Sources */,
				4EED5B1E2AA5845B006370E6 /* CommentService.swift in Sources */,
				4EED5B022AA58212006370E6 /* MediaService.swift in Sources */,
				4EED5AE92AA581B5006370E6 /* AppDelegate.swift in Sources */,
				4EED5B0B2AA582A3006370E6 /* ProfileController.swift in Sources */,
				4EED5B072AA5827D006370E6 /* ThumbnailController.swift in Sources */,
				4EED5AEB2AA581B5006370E6 /* SceneDelegate.swift in Sources */,
				4EED5B002AA58207006370E6 /* AuthService.swift in Sources */,
			);
			runOnlyForDeploymentPostprocessing = 0;
		};
/* End PBXSourcesBuildPhase section */

/* Begin PBXVariantGroup section */
		4EED5AEE2AA581B5006370E6 /* Main.storyboard */ = {
			isa = PBXVariantGroup;
			children = (
				4EED5AEF2AA581B5006370E6 /* Base */,
			);
			name = Main.storyboard;
			sourceTree = "<group>";
		};
		4EED5AF32AA581B8006370E6 /* LaunchScreen.storyboard */ = {
			isa = PBXVariantGroup;
			children = (
				4EED5AF42AA581B8006370E6 /* Base */,
			);
			name = LaunchScreen.storyboard;
			sourceTree = "<group>";
		};
		4EED5B122AA583A2006370E6 /* Detail.storyboard */ = {
			isa = PBXVariantGroup;
			children = (
				4EED5B132AA583A2006370E6 /* Base */,
			);
			name = Detail.storyboard;
			sourceTree = "<group>";
		};
		4EED5B152AA583B8006370E6 /* Login.storyboard */ = {
			isa = PBXVariantGroup;
			children = (
				4EED5B162AA583B8006370E6 /* Base */,
			);
			name = Login.storyboard;
			sourceTree = "<group>";
		};
		4EED5B182AA583E7006370E6 /* SignUp.storyboard */ = {
			isa = PBXVariantGroup;
			children = (
				4EED5B192AA583E7006370E6 /* Base */,
			);
			name = SignUp.storyboard;
			sourceTree = "<group>";
		};
		4EED5B292AA5BD53006370E6 /* Thumbnail.storyboard */ = {
			isa = PBXVariantGroup;
			children = (
				4EED5B2A2AA5BD53006370E6 /* Base */,
			);
			name = Thumbnail.storyboard;
			sourceTree = "<group>";
		};
		4EED5B2C2AA5BD67006370E6 /* Profile.storyboard */ = {
			isa = PBXVariantGroup;
			children = (
				4EED5B2D2AA5BD67006370E6 /* Base */,
			);
			name = Profile.storyboard;
			sourceTree = "<group>";
		};
/* End PBXVariantGroup section */

/* Begin XCBuildConfiguration section */
		4EED5AF72AA581B8006370E6 /* Debug */ = {
			isa = XCBuildConfiguration;
			buildSettings = {
				ALWAYS_SEARCH_USER_PATHS = NO;
				CLANG_ANALYZER_NONNULL = YES;
				CLANG_ANALYZER_NUMBER_OBJECT_CONVERSION = YES_AGGRESSIVE;
				CLANG_CXX_LANGUAGE_STANDARD = "gnu++20";
				CLANG_ENABLE_MODULES = YES;
				CLANG_ENABLE_OBJC_ARC = YES;
				CLANG_ENABLE_OBJC_WEAK = YES;
				CLANG_WARN_BLOCK_CAPTURE_AUTORELEASING = YES;
				CLANG_WARN_BOOL_CONVERSION = YES;
				CLANG_WARN_COMMA = YES;
				CLANG_WARN_CONSTANT_CONVERSION = YES;
				CLANG_WARN_DEPRECATED_OBJC_IMPLEMENTATIONS = YES;
				CLANG_WARN_DIRECT_OBJC_ISA_USAGE = YES_ERROR;
				CLANG_WARN_DOCUMENTATION_COMMENTS = YES;
				CLANG_WARN_EMPTY_BODY = YES;
				CLANG_WARN_ENUM_CONVERSION = YES;
				CLANG_WARN_INFINITE_RECURSION = YES;
				CLANG_WARN_INT_CONVERSION = YES;
				CLANG_WARN_NON_LITERAL_NULL_CONVERSION = YES;
				CLANG_WARN_OBJC_IMPLICIT_RETAIN_SELF = YES;
				CLANG_WARN_OBJC_LITERAL_CONVERSION = YES;
				CLANG_WARN_OBJC_ROOT_CLASS = YES_ERROR;
				CLANG_WARN_QUOTED_INCLUDE_IN_FRAMEWORK_HEADER = YES;
				CLANG_WARN_RANGE_LOOP_ANALYSIS = YES;
				CLANG_WARN_STRICT_PROTOTYPES = YES;
				CLANG_WARN_SUSPICIOUS_MOVE = YES;
				CLANG_WARN_UNGUARDED_AVAILABILITY = YES_AGGRESSIVE;
				CLANG_WARN_UNREACHABLE_CODE = YES;
				CLANG_WARN__DUPLICATE_METHOD_MATCH = YES;
				COPY_PHASE_STRIP = NO;
				DEBUG_INFORMATION_FORMAT = dwarf;
				ENABLE_STRICT_OBJC_MSGSEND = YES;
				ENABLE_TESTABILITY = YES;
				GCC_C_LANGUAGE_STANDARD = gnu11;
				GCC_DYNAMIC_NO_PIC = NO;
				GCC_NO_COMMON_BLOCKS = YES;
				GCC_OPTIMIZATION_LEVEL = 0;
				GCC_PREPROCESSOR_DEFINITIONS = (
					"DEBUG=1",
					"$(inherited)",
				);
				GCC_WARN_64_TO_32_BIT_CONVERSION = YES;
				GCC_WARN_ABOUT_RETURN_TYPE = YES_ERROR;
				GCC_WARN_UNDECLARED_SELECTOR = YES;
				GCC_WARN_UNINITIALIZED_AUTOS = YES_AGGRESSIVE;
				GCC_WARN_UNUSED_FUNCTION = YES;
				GCC_WARN_UNUSED_VARIABLE = YES;
				IPHONEOS_DEPLOYMENT_TARGET = 16.4;
				MTL_ENABLE_DEBUG_INFO = INCLUDE_SOURCE;
				MTL_FAST_MATH = YES;
				ONLY_ACTIVE_ARCH = YES;
				SDKROOT = iphoneos;
				SWIFT_ACTIVE_COMPILATION_CONDITIONS = DEBUG;
				SWIFT_OPTIMIZATION_LEVEL = "-Onone";
			};
			name = Debug;
		};
		4EED5AF82AA581B8006370E6 /* Release */ = {
			isa = XCBuildConfiguration;
			buildSettings = {
				ALWAYS_SEARCH_USER_PATHS = NO;
				CLANG_ANALYZER_NONNULL = YES;
				CLANG_ANALYZER_NUMBER_OBJECT_CONVERSION = YES_AGGRESSIVE;
				CLANG_CXX_LANGUAGE_STANDARD = "gnu++20";
				CLANG_ENABLE_MODULES = YES;
				CLANG_ENABLE_OBJC_ARC = YES;
				CLANG_ENABLE_OBJC_WEAK = YES;
				CLANG_WARN_BLOCK_CAPTURE_AUTORELEASING = YES;
				CLANG_WARN_BOOL_CONVERSION = YES;
				CLANG_WARN_COMMA = YES;
				CLANG_WARN_CONSTANT_CONVERSION = YES;
				CLANG_WARN_DEPRECATED_OBJC_IMPLEMENTATIONS = YES;
				CLANG_WARN_DIRECT_OBJC_ISA_USAGE = YES_ERROR;
				CLANG_WARN_DOCUMENTATION_COMMENTS = YES;
				CLANG_WARN_EMPTY_BODY = YES;
				CLANG_WARN_ENUM_CONVERSION = YES;
				CLANG_WARN_INFINITE_RECURSION = YES;
				CLANG_WARN_INT_CONVERSION = YES;
				CLANG_WARN_NON_LITERAL_NULL_CONVERSION = YES;
				CLANG_WARN_OBJC_IMPLICIT_RETAIN_SELF = YES;
				CLANG_WARN_OBJC_LITERAL_CONVERSION = YES;
				CLANG_WARN_OBJC_ROOT_CLASS = YES_ERROR;
				CLANG_WARN_QUOTED_INCLUDE_IN_FRAMEWORK_HEADER = YES;
				CLANG_WARN_RANGE_LOOP_ANALYSIS = YES;
				CLANG_WARN_STRICT_PROTOTYPES = YES;
				CLANG_WARN_SUSPICIOUS_MOVE = YES;
				CLANG_WARN_UNGUARDED_AVAILABILITY = YES_AGGRESSIVE;
				CLANG_WARN_UNREACHABLE_CODE = YES;
				CLANG_WARN__DUPLICATE_METHOD_MATCH = YES;
				COPY_PHASE_STRIP = NO;
				DEBUG_INFORMATION_FORMAT = "dwarf-with-dsym";
				ENABLE_NS_ASSERTIONS = NO;
				ENABLE_STRICT_OBJC_MSGSEND = YES;
				GCC_C_LANGUAGE_STANDARD = gnu11;
				GCC_NO_COMMON_BLOCKS = YES;
				GCC_WARN_64_TO_32_BIT_CONVERSION = YES;
				GCC_WARN_ABOUT_RETURN_TYPE = YES_ERROR;
				GCC_WARN_UNDECLARED_SELECTOR = YES;
				GCC_WARN_UNINITIALIZED_AUTOS = YES_AGGRESSIVE;
				GCC_WARN_UNUSED_FUNCTION = YES;
				GCC_WARN_UNUSED_VARIABLE = YES;
				IPHONEOS_DEPLOYMENT_TARGET = 16.4;
				MTL_ENABLE_DEBUG_INFO = NO;
				MTL_FAST_MATH = YES;
				SDKROOT = iphoneos;
				SWIFT_COMPILATION_MODE = wholemodule;
				SWIFT_OPTIMIZATION_LEVEL = "-O";
				VALIDATE_PRODUCT = YES;
			};
			name = Release;
		};
		4EED5AFA2AA581B8006370E6 /* Debug */ = {
			isa = XCBuildConfiguration;
			buildSettings = {
				ASSETCATALOG_COMPILER_APPICON_NAME = AppIcon;
				ASSETCATALOG_COMPILER_GLOBAL_ACCENT_COLOR_NAME = AccentColor;
				CODE_SIGN_STYLE = Automatic;
				CURRENT_PROJECT_VERSION = 1;
				DEVELOPMENT_TEAM = 4MN45GZSDT;
				GENERATE_INFOPLIST_FILE = YES;
				INFOPLIST_FILE = YOU_TUBE/Info.plist;
				INFOPLIST_KEY_UIApplicationSupportsIndirectInputEvents = YES;
				INFOPLIST_KEY_UILaunchStoryboardName = LaunchScreen;
				INFOPLIST_KEY_UIMainStoryboardFile = Main;
				INFOPLIST_KEY_UISupportedInterfaceOrientations_iPad = "UIInterfaceOrientationPortrait UIInterfaceOrientationPortraitUpsideDown UIInterfaceOrientationLandscapeLeft UIInterfaceOrientationLandscapeRight";
				INFOPLIST_KEY_UISupportedInterfaceOrientations_iPhone = "UIInterfaceOrientationPortrait UIInterfaceOrientationLandscapeLeft UIInterfaceOrientationLandscapeRight";
				IPHONEOS_DEPLOYMENT_TARGET = 13.0;
				LD_RUNPATH_SEARCH_PATHS = (
					"$(inherited)",
					"@executable_path/Frameworks",
				);
				MARKETING_VERSION = 1.0;
				PRODUCT_BUNDLE_IDENTIFIER = "com.Junwoo.Momo8282.YOU-TUBE";
				PRODUCT_NAME = "$(TARGET_NAME)";
				SWIFT_EMIT_LOC_STRINGS = YES;
				SWIFT_VERSION = 5.0;
				TARGETED_DEVICE_FAMILY = "1,2";
			};
			name = Debug;
		};
		4EED5AFB2AA581B8006370E6 /* Release */ = {
			isa = XCBuildConfiguration;
			buildSettings = {
				ASSETCATALOG_COMPILER_APPICON_NAME = AppIcon;
				ASSETCATALOG_COMPILER_GLOBAL_ACCENT_COLOR_NAME = AccentColor;
				CODE_SIGN_STYLE = Automatic;
				CURRENT_PROJECT_VERSION = 1;
				DEVELOPMENT_TEAM = 4MN45GZSDT;
				GENERATE_INFOPLIST_FILE = YES;
				INFOPLIST_FILE = YOU_TUBE/Info.plist;
				INFOPLIST_KEY_UIApplicationSupportsIndirectInputEvents = YES;
				INFOPLIST_KEY_UILaunchStoryboardName = LaunchScreen;
				INFOPLIST_KEY_UIMainStoryboardFile = Main;
				INFOPLIST_KEY_UISupportedInterfaceOrientations_iPad = "UIInterfaceOrientationPortrait UIInterfaceOrientationPortraitUpsideDown UIInterfaceOrientationLandscapeLeft UIInterfaceOrientationLandscapeRight";
				INFOPLIST_KEY_UISupportedInterfaceOrientations_iPhone = "UIInterfaceOrientationPortrait UIInterfaceOrientationLandscapeLeft UIInterfaceOrientationLandscapeRight";
				IPHONEOS_DEPLOYMENT_TARGET = 13.0;
				LD_RUNPATH_SEARCH_PATHS = (
					"$(inherited)",
					"@executable_path/Frameworks",
				);
				MARKETING_VERSION = 1.0;
				PRODUCT_BUNDLE_IDENTIFIER = "com.Junwoo.Momo8282.YOU-TUBE";
				PRODUCT_NAME = "$(TARGET_NAME)";
				SWIFT_EMIT_LOC_STRINGS = YES;
				SWIFT_VERSION = 5.0;
				TARGETED_DEVICE_FAMILY = "1,2";
			};
			name = Release;
		};
/* End XCBuildConfiguration section */

/* Begin XCConfigurationList section */
		4EED5AE02AA581B5006370E6 /* Build configuration list for PBXProject "YOU_TUBE" */ = {
			isa = XCConfigurationList;
			buildConfigurations = (
				4EED5AF72AA581B8006370E6 /* Debug */,
				4EED5AF82AA581B8006370E6 /* Release */,
			);
			defaultConfigurationIsVisible = 0;
			defaultConfigurationName = Release;
		};
		4EED5AF92AA581B8006370E6 /* Build configuration list for PBXNativeTarget "YOU_TUBE" */ = {
			isa = XCConfigurationList;
			buildConfigurations = (
				4EED5AFA2AA581B8006370E6 /* Debug */,
				4EED5AFB2AA581B8006370E6 /* Release */,
			);
			defaultConfigurationIsVisible = 0;
			defaultConfigurationName = Release;
		};
/* End XCConfigurationList section */
	};
	rootObject = 4EED5ADD2AA581B5006370E6 /* Project object */;
}
